
Microsoft Visual Studio Solution File, Format Version 12.00
# Visual Studio Version 16
VisualStudioVersion = 16.0.31410.357
MinimumVisualStudioVersion = 10.0.40219.1
Project("{FAE04EC0-301F-11D3-BF4B-00C04F79EFBC}") = "OrderFoodOnline", "OrderFoodOnline\OrderFoodOnline.csproj", "{CE268F69-BB48-4FAE-909B-3661B2AD1357}"
EndProject
Global
	GlobalSection(SolutionConfigurationPlatforms) = preSolution
		Debug|Any CPU = Debug|Any CPU
		Release|Any CPU = Release|Any CPU
	EndGlobalSection
	GlobalSection(ProjectConfigurationPlatforms) = postSolution
		{CE268F69-BB48-4FAE-909B-3661B2AD1357}.Debug|Any CPU.ActiveCfg = Debug|Any CPU
		{CE268F69-BB48-4FAE-909B-3661B2AD1357}.Debug|Any CPU.Build.0 = Debug|Any CPU
		{CE268F69-BB48-4FAE-909B-3661B2AD1357}.Release|Any CPU.ActiveCfg = Release|Any CPU
		{CE268F69-BB48-4FAE-909B-3661B2AD1357}.Release|Any CPU.Build.0 = Release|Any CPU
	EndGlobalSection
	GlobalSection(SolutionProperties) = preSolution
		HideSolutionNode = FALSE
	EndGlobalSection
	GlobalSection(ExtensibilityGlobals) = postSolution
		SolutionGuid = {C42CDA91-F229-4E9E-A23F-FCB29C3C4F3D}
	EndGlobalSection
EndGlobal
